{
  "version": 4,
  "terraform_version": "1.9.3",
  "serial": 11,
  "lineage": "605755b6-6745-a402-2958-4e04d2ef7502",
  "outputs": {},
  "resources": [
    {
      "mode": "managed",
      "type": "azurerm_app_service_plan",
      "name": "wordpress_plan",
      "provider": "provider[\"registry.terraform.io/hashicorp/azurerm\"]",
      "instances": [
        {
          "schema_version": 0,
          "attributes": {
            "app_service_environment_id": "",
            "id": "/subscriptions/4ac7e4ba-2b33-4c38-8852-1a6ba4098aa3/resourceGroups/patelh-sandbox-rg/providers/Microsoft.Web/serverfarms/wordpressapp",
            "is_xenon": false,
            "kind": "Windows",
            "location": "uksouth",
            "maximum_elastic_worker_count": 1,
            "maximum_number_of_workers": 10,
            "name": "wordpressapp",
            "per_site_scaling": false,
            "reserved": false,
            "resource_group_name": "patelh-sandbox-rg",
            "sku": [
              {
                "capacity": 1,
                "size": "S1",
                "tier": "Standard"
              }
            ],
            "tags": {
              "Project": "29767953"
            },
            "timeouts": {
              "create": null,
              "delete": null,
              "read": null,
              "update": null
            },
            "zone_redundant": false
          },
          "sensitive_attributes": [],
          "private": "eyJlMmJmYjczMC1lY2FhLTExZTYtOGY4OC0zNDM2M2JjN2M0YzAiOnsiY3JlYXRlIjozNjAwMDAwMDAwMDAwLCJkZWxldGUiOjM2MDAwMDAwMDAwMDAsInJlYWQiOjMwMDAwMDAwMDAwMCwidXBkYXRlIjozNjAwMDAwMDAwMDAwfSwic2NoZW1hX3ZlcnNpb24iOiIwIn0="
        }
      ]
    },
    {
      "mode": "managed",
      "type": "azurerm_key_vault",
      "name": "himeshkv",
      "provider": "provider[\"registry.terraform.io/hashicorp/azurerm\"]",
      "instances": [
        {
          "schema_version": 2,
          "attributes": {
            "access_policy": [],
            "contact": [],
            "enable_rbac_authorization": false,
            "enabled_for_deployment": false,
            "enabled_for_disk_encryption": false,
            "enabled_for_template_deployment": false,
            "id": "/subscriptions/4ac7e4ba-2b33-4c38-8852-1a6ba4098aa3/resourceGroups/patelh-sandbox-rg/providers/Microsoft.KeyVault/vaults/himeshkv",
            "location": "uksouth",
            "name": "himeshkv",
            "network_acls": [
              {
                "bypass": "AzureServices",
                "default_action": "Allow",
                "ip_rules": [],
                "virtual_network_subnet_ids": []
              }
            ],
            "public_network_access_enabled": true,
            "purge_protection_enabled": false,
            "resource_group_name": "patelh-sandbox-rg",
            "sku_name": "standard",
            "soft_delete_retention_days": 90,
            "tags": {
              "Project": "29767953"
            },
            "tenant_id": "3e0088dc-0629-4ae6-aa8c-813e7a296f50",
            "timeouts": {
              "create": null,
              "delete": null,
              "read": null,
              "update": null
            },
            "vault_uri": "https://himeshkv.vault.azure.net/"
          },
          "sensitive_attributes": [],
          "private": "eyJlMmJmYjczMC1lY2FhLTExZTYtOGY4OC0zNDM2M2JjN2M0YzAiOnsiY3JlYXRlIjoxODAwMDAwMDAwMDAwLCJkZWxldGUiOjE4MDAwMDAwMDAwMDAsInJlYWQiOjMwMDAwMDAwMDAwMCwidXBkYXRlIjoxODAwMDAwMDAwMDAwfSwic2NoZW1hX3ZlcnNpb24iOiIyIn0="
        }
      ]
    },
    {
      "mode": "managed",
      "type": "azurerm_resource_group",
      "name": "patelh-sandbox-rg",
      "provider": "provider[\"registry.terraform.io/hashicorp/azurerm\"]",
      "instances": [
        {
          "schema_version": 0,
          "attributes": {
            "id": "/subscriptions/4ac7e4ba-2b33-4c38-8852-1a6ba4098aa3/resourceGroups/patelh-sandbox-rg",
            "location": "uksouth",
            "name": "patelh-sandbox-rg",
            "tags": {
              "OwnerEmailAddress": "himesh.patel@version1.com",
              "Project": "Azure Team Eagle",
              "Team": "Azure Team Eagle"
            },
            "timeouts": {
              "create": null,
              "delete": null,
              "read": null,
              "update": null
            }
          },
          "sensitive_attributes": [],
          "private": "eyJlMmJmYjczMC1lY2FhLTExZTYtOGY4OC0zNDM2M2JjN2M0YzAiOnsiY3JlYXRlIjo1NDAwMDAwMDAwMDAwLCJkZWxldGUiOjU0MDAwMDAwMDAwMDAsInJlYWQiOjMwMDAwMDAwMDAwMCwidXBkYXRlIjo1NDAwMDAwMDAwMDAwfSwic2NoZW1hX3ZlcnNpb24iOiIwIn0="
        }
      ]
    },
    {
      "mode": "managed",
      "type": "azurerm_sql_server",
      "name": "hp_server",
      "provider": "provider[\"registry.terraform.io/hashicorp/azurerm\"]",
      "instances": [
        {
          "schema_version": 0,
          "attributes": {
            "administrator_login": "hpadministrator",
            "administrator_login_password": null,
            "connection_policy": "Default",
            "fully_qualified_domain_name": "hpsqlserver.database.windows.net",
            "id": "/subscriptions/4ac7e4ba-2b33-4c38-8852-1a6ba4098aa3/resourceGroups/patelh-sandbox-rg/providers/Microsoft.Sql/servers/hpsqlserver",
            "identity": [],
            "location": "uksouth",
            "name": "hpsqlserver",
            "resource_group_name": "patelh-sandbox-rg",
            "tags": {
              "Project": "29767953"
            },
            "threat_detection_policy": [
              {
                "disabled_alerts": [
                  ""
                ],
                "email_account_admins": false,
                "email_addresses": [
                  ""
                ],
                "retention_days": 0,
                "state": "Enabled",
                "storage_account_access_key": "",
                "storage_endpoint": ""
              }
            ],
            "timeouts": {
              "create": null,
              "delete": null,
              "read": null,
              "update": null
            },
            "version": "12.0"
          },
          "sensitive_attributes": [
            [
              {
                "type": "get_attr",
                "value": "administrator_login_password"
              }
            ],
            [
              {
                "type": "get_attr",
                "value": "threat_detection_policy"
              },
              {
                "type": "index",
                "value": {
                  "value": 0,
                  "type": "number"
                }
              },
              {
                "type": "get_attr",
                "value": "storage_account_access_key"
              }
            ]
          ],
          "private": "eyJlMmJmYjczMC1lY2FhLTExZTYtOGY4OC0zNDM2M2JjN2M0YzAiOnsiY3JlYXRlIjozNjAwMDAwMDAwMDAwLCJkZWxldGUiOjM2MDAwMDAwMDAwMDAsInJlYWQiOjMwMDAwMDAwMDAwMCwidXBkYXRlIjozNjAwMDAwMDAwMDAwfSwic2NoZW1hX3ZlcnNpb24iOiIwIn0="
        }
      ]
    },
    {
      "mode": "managed",
      "type": "azurerm_virtual_network",
      "name": "vnet_test",
      "provider": "provider[\"registry.terraform.io/hashicorp/azurerm\"]",
      "instances": [
        {
          "schema_version": 0,
          "attributes": {
            "address_space": [
              "10.0.0.0/16"
            ],
            "bgp_community": "",
            "ddos_protection_plan": [],
            "dns_servers": [],
            "edge_zone": "",
            "flow_timeout_in_minutes": 0,
            "guid": "a99a6606-f8bd-44f0-a3d2-04a40c4cda6c",
            "id": "/subscriptions/4ac7e4ba-2b33-4c38-8852-1a6ba4098aa3/resourceGroups/patelh-sandbox-rg/providers/Microsoft.Network/virtualNetworks/vnet_test",
            "location": "uksouth",
            "name": "vnet_test",
            "resource_group_name": "patelh-sandbox-rg",
            "subnet": [
              {
                "address_prefix": "10.0.1.0/24",
                "id": "/subscriptions/4ac7e4ba-2b33-4c38-8852-1a6ba4098aa3/resourceGroups/patelh-sandbox-rg/providers/Microsoft.Network/virtualNetworks/vnet_test/subnets/subnethp",
                "name": "subnethp",
                "security_group": ""
              }
            ],
            "tags": {
              "Project": "29767953"
            },
            "timeouts": {
              "create": null,
              "delete": null,
              "read": null,
              "update": null
            }
          },
          "sensitive_attributes": [],
          "private": "eyJlMmJmYjczMC1lY2FhLTExZTYtOGY4OC0zNDM2M2JjN2M0YzAiOnsiY3JlYXRlIjoxODAwMDAwMDAwMDAwLCJkZWxldGUiOjE4MDAwMDAwMDAwMDAsInJlYWQiOjMwMDAwMDAwMDAwMCwidXBkYXRlIjoxODAwMDAwMDAwMDAwfSwic2NoZW1hX3ZlcnNpb24iOiIwIn0="
        }
      ]
    }
  ],
  "check_results": null
}
