{
  "version": 4,
  "terraform_version": "1.9.3",
  "serial": 7,
  "lineage": "605755b6-6745-a402-2958-4e04d2ef7502",
  "outputs": {},
  "resources": [
    {
      "mode": "managed",
      "type": "azurerm_resource_group",
      "name": "patelh-sandbox-rg",
      "provider": "provider[\"registry.terraform.io/hashicorp/azurerm\"]",
      "instances": [
        {
          "schema_version": 0,
          "attributes": {
            "id": "/subscriptions/4ac7e4ba-2b33-4c38-8852-1a6ba4098aa3/resourceGroups/patelh-sandbox-rg",
            "location": "uksouth",
            "name": "patelh-sandbox-rg",
            "tags": {
              "OwnerEmailAddress": "himesh.patel@version1.com",
              "Project": "Azure Team Eagle",
              "Team": "Azure Team Eagle"
            },
            "timeouts": {
              "create": null,
              "delete": null,
              "read": null,
              "update": null
            }
          },
          "sensitive_attributes": [],
          "private": "eyJlMmJmYjczMC1lY2FhLTExZTYtOGY4OC0zNDM2M2JjN2M0YzAiOnsiY3JlYXRlIjo1NDAwMDAwMDAwMDAwLCJkZWxldGUiOjU0MDAwMDAwMDAwMDAsInJlYWQiOjMwMDAwMDAwMDAwMCwidXBkYXRlIjo1NDAwMDAwMDAwMDAwfSwic2NoZW1hX3ZlcnNpb24iOiIwIn0="
        }
      ]
    }
  ],
  "check_results": null
}
